
Microsoft Visual Studio Solution File, Format Version 12.00
# Visual Studio Version 16
VisualStudioVersion = 25.0.1705.0
MinimumVisualStudioVersion = 10.0.40219.1
Project("{FAE04EC0-301F-11D3-BF4B-00C04F79EFBC}") = "Assignment1", "Assignment1\Assignment1.csproj", "{B7CFFC8D-4567-40CD-9CDF-E13800E476CB}"
EndProject
Global
	GlobalSection(SolutionConfigurationPlatforms) = preSolution
		Debug|Any CPU = Debug|Any CPU
		Release|Any CPU = Release|Any CPU
	EndGlobalSection
	GlobalSection(ProjectConfigurationPlatforms) = postSolution
		{B7CFFC8D-4567-40CD-9CDF-E13800E476CB}.Debug|Any CPU.ActiveCfg = Debug|Any CPU
		{B7CFFC8D-4567-40CD-9CDF-E13800E476CB}.Debug|Any CPU.Build.0 = Debug|Any CPU
		{B7CFFC8D-4567-40CD-9CDF-E13800E476CB}.Release|Any CPU.ActiveCfg = Release|Any CPU
		{B7CFFC8D-4567-40CD-9CDF-E13800E476CB}.Release|Any CPU.Build.0 = Release|Any CPU
	EndGlobalSection
	GlobalSection(SolutionProperties) = preSolution
		HideSolutionNode = FALSE
	EndGlobalSection
	GlobalSection(ExtensibilityGlobals) = postSolution
		SolutionGuid = {7928ED2D-0758-42D0-9F2D-BD2E3BD5849E}
	EndGlobalSection
EndGlobal
